// !$*UTF8*$!
{
	archiveVersion = 1;
	classes = {
	};
	objectVersion = 56;
	objects = {

/* Begin PBXBuildFile section */
		F88708E62BA3FFF100C7D477 /* LocatorApp.swift in Sources */ = {isa = PBXBuildFile; fileRef = F88708E52BA3FFF100C7D477 /* LocatorApp.swift */; };
		F88708E82BA3FFF100C7D477 /* ContentView.swift in Sources */ = {isa = PBXBuildFile; fileRef = F88708E72BA3FFF100C7D477 /* ContentView.swift */; };
		F88708EA2BA3FFF200C7D477 /* Assets.xcassets in Resources */ = {isa = PBXBuildFile; fileRef = F88708E92BA3FFF200C7D477 /* Assets.xcassets */; };
		F88708ED2BA3FFF200C7D477 /* Preview Assets.xcassets in Resources */ = {isa = PBXBuildFile; fileRef = F88708EC2BA3FFF200C7D477 /* Preview Assets.xcassets */; };
		F88708EF2BA3FFF200C7D477 /* Persistence.swift in Sources */ = {isa = PBXBuildFile; fileRef = F88708EE2BA3FFF200C7D477 /* Persistence.swift */; };
		F88708F22BA3FFF200C7D477 /* Locator.xcdatamodeld in Sources */ = {isa = PBXBuildFile; fileRef = F88708F02BA3FFF200C7D477 /* Locator.xcdatamodeld */; };
		F88709032BA4019800C7D477 /* LocationManager.swift in Sources */ = {isa = PBXBuildFile; fileRef = F88709022BA4019800C7D477 /* LocationManager.swift */; };
		F88709052BA4023900C7D477 /* DataManager.swift in Sources */ = {isa = PBXBuildFile; fileRef = F88709042BA4023900C7D477 /* DataManager.swift */; };
		F88709072BA4044900C7D477 /* LocationViewModel.swift in Sources */ = {isa = PBXBuildFile; fileRef = F88709062BA4044900C7D477 /* LocationViewModel.swift */; };
/* End PBXBuildFile section */

/* Begin PBXFileReference section */
		F88708E22BA3FFF100C7D477 /* Locator.app */ = {isa = PBXFileReference; explicitFileType = wrapper.application; includeInIndex = 0; path = Locator.app; sourceTree = BUILT_PRODUCTS_DIR; };
		F88708E52BA3FFF100C7D477 /* LocatorApp.swift */ = {isa = PBXFileReference; lastKnownFileType = sourcecode.swift; path = LocatorApp.swift; sourceTree = "<group>"; };
		F88708E72BA3FFF100C7D477 /* ContentView.swift */ = {isa = PBXFileReference; lastKnownFileType = sourcecode.swift; path = ContentView.swift; sourceTree = "<group>"; };
		F88708E92BA3FFF200C7D477 /* Assets.xcassets */ = {isa = PBXFileReference; lastKnownFileType = folder.assetcatalog; path = Assets.xcassets; sourceTree = "<group>"; };
		F88708EC2BA3FFF200C7D477 /* Preview Assets.xcassets */ = {isa = PBXFileReference; lastKnownFileType = folder.assetcatalog; path = "Preview Assets.xcassets"; sourceTree = "<group>"; };
		F88708EE2BA3FFF200C7D477 /* Persistence.swift */ = {isa = PBXFileReference; lastKnownFileType = sourcecode.swift; path = Persistence.swift; sourceTree = "<group>"; };
		F88708F12BA3FFF200C7D477 /* Locator.xcdatamodel */ = {isa = PBXFileReference; lastKnownFileType = wrapper.xcdatamodel; path = Locator.xcdatamodel; sourceTree = "<group>"; };
		F88708FD2BA4013C00C7D477 /* Update+CoreDataClass.swift */ = {isa = PBXFileReference; lastKnownFileType = sourcecode.swift; name = "Update+CoreDataClass.swift"; path = "Locator/Model/Update+CoreDataClass.swift"; sourceTree = "<group>"; };
		F88708FE2BA4013C00C7D477 /* Update+CoreDataProperties.swift */ = {isa = PBXFileReference; lastKnownFileType = sourcecode.swift; name = "Update+CoreDataProperties.swift"; path = "Locator/Model/Update+CoreDataProperties.swift"; sourceTree = "<group>"; };
		F88709022BA4019800C7D477 /* LocationManager.swift */ = {isa = PBXFileReference; lastKnownFileType = sourcecode.swift; path = LocationManager.swift; sourceTree = "<group>"; };
		F88709042BA4023900C7D477 /* DataManager.swift */ = {isa = PBXFileReference; lastKnownFileType = sourcecode.swift; path = DataManager.swift; sourceTree = "<group>"; };
		F88709062BA4044900C7D477 /* LocationViewModel.swift */ = {isa = PBXFileReference; lastKnownFileType = sourcecode.swift; path = LocationViewModel.swift; sourceTree = "<group>"; };
		F88709082BA40A0E00C7D477 /* Info.plist */ = {isa = PBXFileReference; lastKnownFileType = text.plist; path = Info.plist; sourceTree = "<group>"; };
/* End PBXFileReference section */

/* Begin PBXFrameworksBuildPhase section */
		F88708DF2BA3FFF100C7D477 /* Frameworks */ = {
			isa = PBXFrameworksBuildPhase;
			buildActionMask = 2147483647;
			files = (
			);
			runOnlyForDeploymentPostprocessing = 0;
		};
/* End PBXFrameworksBuildPhase section */

/* Begin PBXGroup section */
		F88708D92BA3FFF100C7D477 = {
			isa = PBXGroup;
			children = (
				F88708FD2BA4013C00C7D477 /* Update+CoreDataClass.swift */,
				F88708FE2BA4013C00C7D477 /* Update+CoreDataProperties.swift */,
				F88708E42BA3FFF100C7D477 /* Locator */,
				F88708E32BA3FFF100C7D477 /* Products */,
			);
			sourceTree = "<group>";
		};
		F88708E32BA3FFF100C7D477 /* Products */ = {
			isa = PBXGroup;
			children = (
				F88708E22BA3FFF100C7D477 /* Locator.app */,
			);
			name = Products;
			sourceTree = "<group>";
		};
		F88708E42BA3FFF100C7D477 /* Locator */ = {
			isa = PBXGroup;
			children = (
				F88709082BA40A0E00C7D477 /* Info.plist */,
				F88709012BA4018900C7D477 /* Location */,
				F88708F82BA3FFFB00C7D477 /* Model */,
				F88708E52BA3FFF100C7D477 /* LocatorApp.swift */,
				F88708E72BA3FFF100C7D477 /* ContentView.swift */,
				F88708E92BA3FFF200C7D477 /* Assets.xcassets */,
				F88708EE2BA3FFF200C7D477 /* Persistence.swift */,
				F88708EB2BA3FFF200C7D477 /* Preview Content */,
			);
			path = Locator;
			sourceTree = "<group>";
		};
		F88708EB2BA3FFF200C7D477 /* Preview Content */ = {
			isa = PBXGroup;
			children = (
				F88708EC2BA3FFF200C7D477 /* Preview Assets.xcassets */,
			);
			path = "Preview Content";
			sourceTree = "<group>";
		};
		F88708F82BA3FFFB00C7D477 /* Model */ = {
			isa = PBXGroup;
			children = (
				F88708F02BA3FFF200C7D477 /* Locator.xcdatamodeld */,
				F88709042BA4023900C7D477 /* DataManager.swift */,
			);
			path = Model;
			sourceTree = "<group>";
		};
		F88709012BA4018900C7D477 /* Location */ = {
			isa = PBXGroup;
			children = (
				F88709022BA4019800C7D477 /* LocationManager.swift */,
				F88709062BA4044900C7D477 /* LocationViewModel.swift */,
			);
			path = Location;
			sourceTree = "<group>";
		};
/* End PBXGroup section */

/* Begin PBXNativeTarget section */
		F88708E12BA3FFF100C7D477 /* Locator */ = {
			isa = PBXNativeTarget;
			buildConfigurationList = F88708F52BA3FFF200C7D477 /* Build configuration list for PBXNativeTarget "Locator" */;
			buildPhases = (
				F88708DE2BA3FFF100C7D477 /* Sources */,
				F88708DF2BA3FFF100C7D477 /* Frameworks */,
				F88708E02BA3FFF100C7D477 /* Resources */,
			);
			buildRules = (
			);
			dependencies = (
			);
			name = Locator;
			productName = Locator;
			productReference = F88708E22BA3FFF100C7D477 /* Locator.app */;
			productType = "com.apple.product-type.application";
		};
/* End PBXNativeTarget section */

/* Begin PBXProject section */
		F88708DA2BA3FFF100C7D477 /* Project object */ = {
			isa = PBXProject;
			attributes = {
				BuildIndependentTargetsInParallel = 1;
				LastSwiftUpdateCheck = 1530;
				LastUpgradeCheck = 1530;
				TargetAttributes = {
					F88708E12BA3FFF100C7D477 = {
						CreatedOnToolsVersion = 15.3;
					};
				};
			};
			buildConfigurationList = F88708DD2BA3FFF100C7D477 /* Build configuration list for PBXProject "Locator" */;
			compatibilityVersion = "Xcode 14.0";
			developmentRegion = en;
			hasScannedForEncodings = 0;
			knownRegions = (
				en,
				Base,
			);
			mainGroup = F88708D92BA3FFF100C7D477;
			productRefGroup = F88708E32BA3FFF100C7D477 /* Products */;
			projectDirPath = "";
			projectRoot = "";
			targets = (
				F88708E12BA3FFF100C7D477 /* Locator */,
			);
		};
/* End PBXProject section */

/* Begin PBXResourcesBuildPhase section */
		F88708E02BA3FFF100C7D477 /* Resources */ = {
			isa = PBXResourcesBuildPhase;
			buildActionMask = 2147483647;
			files = (
				F88708ED2BA3FFF200C7D477 /* Preview Assets.xcassets in Resources */,
				F88708EA2BA3FFF200C7D477 /* Assets.xcassets in Resources */,
			);
			runOnlyForDeploymentPostprocessing = 0;
		};
/* End PBXResourcesBuildPhase section */

/* Begin PBXSourcesBuildPhase section */
		F88708DE2BA3FFF100C7D477 /* Sources */ = {
			isa = PBXSourcesBuildPhase;
			buildActionMask = 2147483647;
			files = (
				F88708F22BA3FFF200C7D477 /* Locator.xcdatamodeld in Sources */,
				F88709052BA4023900C7D477 /* DataManager.swift in Sources */,
				F88708EF2BA3FFF200C7D477 /* Persistence.swift in Sources */,
				F88709032BA4019800C7D477 /* LocationManager.swift in Sources */,
				F88709072BA4044900C7D477 /* LocationViewModel.swift in Sources */,
				F88708E82BA3FFF100C7D477 /* ContentView.swift in Sources */,
				F88708E62BA3FFF100C7D477 /* LocatorApp.swift in Sources */,
			);
			runOnlyForDeploymentPostprocessing = 0;
		};
/* End PBXSourcesBuildPhase section */

/* Begin XCBuildConfiguration section */
		F88708F32BA3FFF200C7D477 /* Debug */ = {
			isa = XCBuildConfiguration;
			buildSettings = {
				ALWAYS_SEARCH_USER_PATHS = NO;
				ASSETCATALOG_COMPILER_GENERATE_SWIFT_ASSET_SYMBOL_EXTENSIONS = YES;
				CLANG_ANALYZER_NONNULL = YES;
				CLANG_ANALYZER_NUMBER_OBJECT_CONVERSION = YES_AGGRESSIVE;
				CLANG_CXX_LANGUAGE_STANDARD = "gnu++20";
				CLANG_ENABLE_MODULES = YES;
				CLANG_ENABLE_OBJC_ARC = YES;
				CLANG_ENABLE_OBJC_WEAK = YES;
				CLANG_WARN_BLOCK_CAPTURE_AUTORELEASING = YES;
				CLANG_WARN_BOOL_CONVERSION = YES;
				CLANG_WARN_COMMA = YES;
				CLANG_WARN_CONSTANT_CONVERSION = YES;
				CLANG_WARN_DEPRECATED_OBJC_IMPLEMENTATIONS = YES;
				CLANG_WARN_DIRECT_OBJC_ISA_USAGE = YES_ERROR;
				CLANG_WARN_DOCUMENTATION_COMMENTS = YES;
				CLANG_WARN_EMPTY_BODY = YES;
				CLANG_WARN_ENUM_CONVERSION = YES;
				CLANG_WARN_INFINITE_RECURSION = YES;
				CLANG_WARN_INT_CONVERSION = YES;
				CLANG_WARN_NON_LITERAL_NULL_CONVERSION = YES;
				CLANG_WARN_OBJC_IMPLICIT_RETAIN_SELF = YES;
				CLANG_WARN_OBJC_LITERAL_CONVERSION = YES;
				CLANG_WARN_OBJC_ROOT_CLASS = YES_ERROR;
				CLANG_WARN_QUOTED_INCLUDE_IN_FRAMEWORK_HEADER = YES;
				CLANG_WARN_RANGE_LOOP_ANALYSIS = YES;
				CLANG_WARN_STRICT_PROTOTYPES = YES;
				CLANG_WARN_SUSPICIOUS_MOVE = YES;
				CLANG_WARN_UNGUARDED_AVAILABILITY = YES_AGGRESSIVE;
				CLANG_WARN_UNREACHABLE_CODE = YES;
				CLANG_WARN__DUPLICATE_METHOD_MATCH = YES;
				COPY_PHASE_STRIP = NO;
				DEBUG_INFORMATION_FORMAT = dwarf;
				ENABLE_STRICT_OBJC_MSGSEND = YES;
				ENABLE_TESTABILITY = YES;
				ENABLE_USER_SCRIPT_SANDBOXING = YES;
				GCC_C_LANGUAGE_STANDARD = gnu17;
				GCC_DYNAMIC_NO_PIC = NO;
				GCC_NO_COMMON_BLOCKS = YES;
				GCC_OPTIMIZATION_LEVEL = 0;
				GCC_PREPROCESSOR_DEFINITIONS = (
					"DEBUG=1",
					"$(inherited)",
				);
				GCC_WARN_64_TO_32_BIT_CONVERSION = YES;
				GCC_WARN_ABOUT_RETURN_TYPE = YES_ERROR;
				GCC_WARN_UNDECLARED_SELECTOR = YES;
				GCC_WARN_UNINITIALIZED_AUTOS = YES_AGGRESSIVE;
				GCC_WARN_UNUSED_FUNCTION = YES;
				GCC_WARN_UNUSED_VARIABLE = YES;
				IPHONEOS_DEPLOYMENT_TARGET = 17.4;
				LOCALIZATION_PREFERS_STRING_CATALOGS = YES;
				MTL_ENABLE_DEBUG_INFO = INCLUDE_SOURCE;
				MTL_FAST_MATH = YES;
				ONLY_ACTIVE_ARCH = YES;
				SDKROOT = iphoneos;
				SWIFT_ACTIVE_COMPILATION_CONDITIONS = "DEBUG $(inherited)";
				SWIFT_OPTIMIZATION_LEVEL = "-Onone";
			};
			name = Debug;
		};
		F88708F42BA3FFF200C7D477 /* Release */ = {
			isa = XCBuildConfiguration;
			buildSettings = {
				ALWAYS_SEARCH_USER_PATHS = NO;
				ASSETCATALOG_COMPILER_GENERATE_SWIFT_ASSET_SYMBOL_EXTENSIONS = YES;
				CLANG_ANALYZER_NONNULL = YES;
				CLANG_ANALYZER_NUMBER_OBJECT_CONVERSION = YES_AGGRESSIVE;
				CLANG_CXX_LANGUAGE_STANDARD = "gnu++20";
				CLANG_ENABLE_MODULES = YES;
				CLANG_ENABLE_OBJC_ARC = YES;
				CLANG_ENABLE_OBJC_WEAK = YES;
				CLANG_WARN_BLOCK_CAPTURE_AUTORELEASING = YES;
				CLANG_WARN_BOOL_CONVERSION = YES;
				CLANG_WARN_COMMA = YES;
				CLANG_WARN_CONSTANT_CONVERSION = YES;
				CLANG_WARN_DEPRECATED_OBJC_IMPLEMENTATIONS = YES;
				CLANG_WARN_DIRECT_OBJC_ISA_USAGE = YES_ERROR;
				CLANG_WARN_DOCUMENTATION_COMMENTS = YES;
				CLANG_WARN_EMPTY_BODY = YES;
				CLANG_WARN_ENUM_CONVERSION = YES;
				CLANG_WARN_INFINITE_RECURSION = YES;
				CLANG_WARN_INT_CONVERSION = YES;
				CLANG_WARN_NON_LITERAL_NULL_CONVERSION = YES;
				CLANG_WARN_OBJC_IMPLICIT_RETAIN_SELF = YES;
				CLANG_WARN_OBJC_LITERAL_CONVERSION = YES;
				CLANG_WARN_OBJC_ROOT_CLASS = YES_ERROR;
				CLANG_WARN_QUOTED_INCLUDE_IN_FRAMEWORK_HEADER = YES;
				CLANG_WARN_RANGE_LOOP_ANALYSIS = YES;
				CLANG_WARN_STRICT_PROTOTYPES = YES;
				CLANG_WARN_SUSPICIOUS_MOVE = YES;
				CLANG_WARN_UNGUARDED_AVAILABILITY = YES_AGGRESSIVE;
				CLANG_WARN_UNREACHABLE_CODE = YES;
				CLANG_WARN__DUPLICATE_METHOD_MATCH = YES;
				COPY_PHASE_STRIP = NO;
				DEBUG_INFORMATION_FORMAT = "dwarf-with-dsym";
				ENABLE_NS_ASSERTIONS = NO;
				ENABLE_STRICT_OBJC_MSGSEND = YES;
				ENABLE_USER_SCRIPT_SANDBOXING = YES;
				GCC_C_LANGUAGE_STANDARD = gnu17;
				GCC_NO_COMMON_BLOCKS = YES;
				GCC_WARN_64_TO_32_BIT_CONVERSION = YES;
				GCC_WARN_ABOUT_RETURN_TYPE = YES_ERROR;
				GCC_WARN_UNDECLARED_SELECTOR = YES;
				GCC_WARN_UNINITIALIZED_AUTOS = YES_AGGRESSIVE;
				GCC_WARN_UNUSED_FUNCTION = YES;
				GCC_WARN_UNUSED_VARIABLE = YES;
				IPHONEOS_DEPLOYMENT_TARGET = 17.4;
				LOCALIZATION_PREFERS_STRING_CATALOGS = YES;
				MTL_ENABLE_DEBUG_INFO = NO;
				MTL_FAST_MATH = YES;
				SDKROOT = iphoneos;
				SWIFT_COMPILATION_MODE = wholemodule;
				VALIDATE_PRODUCT = YES;
			};
			name = Release;
		};
		F88708F62BA3FFF200C7D477 /* Debug */ = {
			isa = XCBuildConfiguration;
			buildSettings = {
				ASSETCATALOG_COMPILER_APPICON_NAME = AppIcon;
				ASSETCATALOG_COMPILER_GLOBAL_ACCENT_COLOR_NAME = AccentColor;
				CODE_SIGN_STYLE = Automatic;
				CURRENT_PROJECT_VERSION = 1;
				DEVELOPMENT_ASSET_PATHS = "\"Locator/Preview Content\"";
				DEVELOPMENT_TEAM = 9HKUVL2QGT;
				ENABLE_PREVIEWS = YES;
				GENERATE_INFOPLIST_FILE = YES;
				INFOPLIST_FILE = Locator/Info.plist;
				INFOPLIST_KEY_NSLocationAlwaysAndWhenInUseUsageDescription = "Please grant permission";
				INFOPLIST_KEY_NSLocationWhenInUseUsageDescription = "Plkease grant permission";
				INFOPLIST_KEY_UIApplicationSceneManifest_Generation = YES;
				INFOPLIST_KEY_UIApplicationSupportsIndirectInputEvents = YES;
				INFOPLIST_KEY_UILaunchScreen_Generation = YES;
				INFOPLIST_KEY_UISupportedInterfaceOrientations_iPad = "UIInterfaceOrientationPortrait UIInterfaceOrientationPortraitUpsideDown UIInterfaceOrientationLandscapeLeft UIInterfaceOrientationLandscapeRight";
				INFOPLIST_KEY_UISupportedInterfaceOrientations_iPhone = "UIInterfaceOrientationPortrait UIInterfaceOrientationLandscapeLeft UIInterfaceOrientationLandscapeRight";
				LD_RUNPATH_SEARCH_PATHS = (
					"$(inherited)",
					"@executable_path/Frameworks",
				);
				MARKETING_VERSION = 1.0;
				PRODUCT_BUNDLE_IDENTIFIER = com.amahy.Locator;
				PRODUCT_NAME = "$(TARGET_NAME)";
				SWIFT_EMIT_LOC_STRINGS = YES;
				SWIFT_VERSION = 5.0;
				TARGETED_DEVICE_FAMILY = "1,2";
			};
			name = Debug;
		};
		F88708F72BA3FFF200C7D477 /* Release */ = {
			isa = XCBuildConfiguration;
			buildSettings = {
				ASSETCATALOG_COMPILER_APPICON_NAME = AppIcon;
				ASSETCATALOG_COMPILER_GLOBAL_ACCENT_COLOR_NAME = AccentColor;
				CODE_SIGN_STYLE = Automatic;
				CURRENT_PROJECT_VERSION = 1;
				DEVELOPMENT_ASSET_PATHS = "\"Locator/Preview Content\"";
				DEVELOPMENT_TEAM = 9HKUVL2QGT;
				ENABLE_PREVIEWS = YES;
				GENERATE_INFOPLIST_FILE = YES;
				INFOPLIST_FILE = Locator/Info.plist;
				INFOPLIST_KEY_NSLocationAlwaysAndWhenInUseUsageDescription = "Please grant permission";
				INFOPLIST_KEY_NSLocationWhenInUseUsageDescription = "Plkease grant permission";
				INFOPLIST_KEY_UIApplicationSceneManifest_Generation = YES;
				INFOPLIST_KEY_UIApplicationSupportsIndirectInputEvents = YES;
				INFOPLIST_KEY_UILaunchScreen_Generation = YES;
				INFOPLIST_KEY_UISupportedInterfaceOrientations_iPad = "UIInterfaceOrientationPortrait UIInterfaceOrientationPortraitUpsideDown UIInterfaceOrientationLandscapeLeft UIInterfaceOrientationLandscapeRight";
				INFOPLIST_KEY_UISupportedInterfaceOrientations_iPhone = "UIInterfaceOrientationPortrait UIInterfaceOrientationLandscapeLeft UIInterfaceOrientationLandscapeRight";
				LD_RUNPATH_SEARCH_PATHS = (
					"$(inherited)",
					"@executable_path/Frameworks",
				);
				MARKETING_VERSION = 1.0;
				PRODUCT_BUNDLE_IDENTIFIER = com.amahy.Locator;
				PRODUCT_NAME = "$(TARGET_NAME)";
				SWIFT_EMIT_LOC_STRINGS = YES;
				SWIFT_VERSION = 5.0;
				TARGETED_DEVICE_FAMILY = "1,2";
			};
			name = Release;
		};
/* End XCBuildConfiguration section */

/* Begin XCConfigurationList section */
		F88708DD2BA3FFF100C7D477 /* Build configuration list for PBXProject "Locator" */ = {
			isa = XCConfigurationList;
			buildConfigurations = (
				F88708F32BA3FFF200C7D477 /* Debug */,
				F88708F42BA3FFF200C7D477 /* Release */,
			);
			defaultConfigurationIsVisible = 0;
			defaultConfigurationName = Release;
		};
		F88708F52BA3FFF200C7D477 /* Build configuration list for PBXNativeTarget "Locator" */ = {
			isa = XCConfigurationList;
			buildConfigurations = (
				F88708F62BA3FFF200C7D477 /* Debug */,
				F88708F72BA3FFF200C7D477 /* Release */,
			);
			defaultConfigurationIsVisible = 0;
			defaultConfigurationName = Release;
		};
/* End XCConfigurationList section */

/* Begin XCVersionGroup section */
		F88708F02BA3FFF200C7D477 /* Locator.xcdatamodeld */ = {
			isa = XCVersionGroup;
			children = (
				F88708F12BA3FFF200C7D477 /* Locator.xcdatamodel */,
			);
			currentVersion = F88708F12BA3FFF200C7D477 /* Locator.xcdatamodel */;
			path = Locator.xcdatamodeld;
			sourceTree = "<group>";
			versionGroupType = wrapper.xcdatamodel;
		};
/* End XCVersionGroup section */
	};
	rootObject = F88708DA2BA3FFF100C7D477 /* Project object */;
}
